
Microsoft Visual Studio Solution File, Format Version 12.00
# Visual Studio Version 17
VisualStudioVersion = 17.0.31903.59
MinimumVisualStudioVersion = 10.0.40219.1
Project("{FAE04EC0-301F-11D3-BF4B-00C04F79EFBC}") = "ClassVsStruct", "ClassVsStruct\ClassVsStruct.csproj", "{75F651D0-3BC5-4521-809F-8EB0BC0143B1}"
EndProject
Project("{FAE04EC0-301F-11D3-BF4B-00C04F79EFBC}") = "StructWithRef", "StructWithRef\StructWithRef.csproj", "{03105224-7DF2-4ABA-8CDC-267E3E0B127D}"
EndProject
Project("{FAE04EC0-301F-11D3-BF4B-00C04F79EFBC}") = "MiniGame", "MiniGame\MiniGame.csproj", "{03E8BA96-B3A8-46A7-BE81-EFF0D1E44235}"
EndProject
Project("{FAE04EC0-301F-11D3-BF4B-00C04F79EFBC}") = "Polimorfismo", "Polimorfismo\Polimorfismo.csproj", "{862A4C15-433F-423A-BE62-FA7E78077A50}"
EndProject
Project("{FAE04EC0-301F-11D3-BF4B-00C04F79EFBC}") = "GameUnits", "GameUnits\GameUnits.csproj", "{7F347097-EA78-482D-8C8E-D8F722F3A27D}"
EndProject
Global
	GlobalSection(SolutionConfigurationPlatforms) = preSolution
		Debug|Any CPU = Debug|Any CPU
		Release|Any CPU = Release|Any CPU
	EndGlobalSection
	GlobalSection(SolutionProperties) = preSolution
		HideSolutionNode = FALSE
	EndGlobalSection
	GlobalSection(ProjectConfigurationPlatforms) = postSolution
		{75F651D0-3BC5-4521-809F-8EB0BC0143B1}.Debug|Any CPU.ActiveCfg = Debug|Any CPU
		{75F651D0-3BC5-4521-809F-8EB0BC0143B1}.Debug|Any CPU.Build.0 = Debug|Any CPU
		{75F651D0-3BC5-4521-809F-8EB0BC0143B1}.Release|Any CPU.ActiveCfg = Release|Any CPU
		{75F651D0-3BC5-4521-809F-8EB0BC0143B1}.Release|Any CPU.Build.0 = Release|Any CPU
		{03105224-7DF2-4ABA-8CDC-267E3E0B127D}.Debug|Any CPU.ActiveCfg = Debug|Any CPU
		{03105224-7DF2-4ABA-8CDC-267E3E0B127D}.Debug|Any CPU.Build.0 = Debug|Any CPU
		{03105224-7DF2-4ABA-8CDC-267E3E0B127D}.Release|Any CPU.ActiveCfg = Release|Any CPU
		{03105224-7DF2-4ABA-8CDC-267E3E0B127D}.Release|Any CPU.Build.0 = Release|Any CPU
		{03E8BA96-B3A8-46A7-BE81-EFF0D1E44235}.Debug|Any CPU.ActiveCfg = Debug|Any CPU
		{03E8BA96-B3A8-46A7-BE81-EFF0D1E44235}.Debug|Any CPU.Build.0 = Debug|Any CPU
		{03E8BA96-B3A8-46A7-BE81-EFF0D1E44235}.Release|Any CPU.ActiveCfg = Release|Any CPU
		{03E8BA96-B3A8-46A7-BE81-EFF0D1E44235}.Release|Any CPU.Build.0 = Release|Any CPU
		{862A4C15-433F-423A-BE62-FA7E78077A50}.Debug|Any CPU.ActiveCfg = Debug|Any CPU
		{862A4C15-433F-423A-BE62-FA7E78077A50}.Debug|Any CPU.Build.0 = Debug|Any CPU
		{862A4C15-433F-423A-BE62-FA7E78077A50}.Release|Any CPU.ActiveCfg = Release|Any CPU
		{862A4C15-433F-423A-BE62-FA7E78077A50}.Release|Any CPU.Build.0 = Release|Any CPU
		{7F347097-EA78-482D-8C8E-D8F722F3A27D}.Debug|Any CPU.ActiveCfg = Debug|Any CPU
		{7F347097-EA78-482D-8C8E-D8F722F3A27D}.Debug|Any CPU.Build.0 = Debug|Any CPU
		{7F347097-EA78-482D-8C8E-D8F722F3A27D}.Release|Any CPU.ActiveCfg = Release|Any CPU
		{7F347097-EA78-482D-8C8E-D8F722F3A27D}.Release|Any CPU.Build.0 = Release|Any CPU
	EndGlobalSection
EndGlobal
